
Microsoft Visual Studio Solution File, Format Version 12.00
# Visual Studio Version 17
VisualStudioVersion = 17.3.32811.315
MinimumVisualStudioVersion = 10.0.40219.1
Project("{FAE04EC0-301F-11D3-BF4B-00C04F79EFBC}") = "UCLN_BCNN", "UCLN_BCNN\UCLN_BCNN.csproj", "{09810858-124B-4152-9FEB-4625E4C9F004}"
EndProject
Global
	GlobalSection(SolutionConfigurationPlatforms) = preSolution
		Debug|Any CPU = Debug|Any CPU
		Release|Any CPU = Release|Any CPU
	EndGlobalSection
	GlobalSection(ProjectConfigurationPlatforms) = postSolution
		{09810858-124B-4152-9FEB-4625E4C9F004}.Debug|Any CPU.ActiveCfg = Debug|Any CPU
		{09810858-124B-4152-9FEB-4625E4C9F004}.Debug|Any CPU.Build.0 = Debug|Any CPU
		{09810858-124B-4152-9FEB-4625E4C9F004}.Release|Any CPU.ActiveCfg = Release|Any CPU
		{09810858-124B-4152-9FEB-4625E4C9F004}.Release|Any CPU.Build.0 = Release|Any CPU
	EndGlobalSection
	GlobalSection(SolutionProperties) = preSolution
		HideSolutionNode = FALSE
	EndGlobalSection
	GlobalSection(ExtensibilityGlobals) = postSolution
		SolutionGuid = {35196710-B6E8-4FA8-83D2-81D3E72947B2}
	EndGlobalSection
EndGlobal
